// !$*UTF8*$!
{
	archiveVersion = 1;
	classes = {
	};
	objectVersion = 56;
	objects = {

/* Begin PBXBuildFile section */
		23A09BD32C3D773C001DD96C /* WeatherMapApp.swift in Sources */ = {isa = PBXBuildFile; fileRef = 23A09BD22C3D773C001DD96C /* WeatherMapApp.swift */; };
		23A09BD52C3D773C001DD96C /* ContentView.swift in Sources */ = {isa = PBXBuildFile; fileRef = 23A09BD42C3D773C001DD96C /* ContentView.swift */; };
		23A09BD72C3D773D001DD96C /* Assets.xcassets in Resources */ = {isa = PBXBuildFile; fileRef = 23A09BD62C3D773D001DD96C /* Assets.xcassets */; };
		23A09BDA2C3D773D001DD96C /* Preview Assets.xcassets in Resources */ = {isa = PBXBuildFile; fileRef = 23A09BD92C3D773D001DD96C /* Preview Assets.xcassets */; };
		23A09BE32C3D8AB7001DD96C /* MapView.swift in Sources */ = {isa = PBXBuildFile; fileRef = 23A09BE22C3D8AB7001DD96C /* MapView.swift */; };
		23A09BE52C3E4165001DD96C /* LocationDetailsView.swift in Sources */ = {isa = PBXBuildFile; fileRef = 23A09BE42C3E4165001DD96C /* LocationDetailsView.swift */; };
		23A09BE72C3EE55D001DD96C /* PlaceView.swift in Sources */ = {isa = PBXBuildFile; fileRef = 23A09BE62C3EE55D001DD96C /* PlaceView.swift */; };
		23A09BE92C3EE570001DD96C /* PlaceViewModel.swift in Sources */ = {isa = PBXBuildFile; fileRef = 23A09BE82C3EE570001DD96C /* PlaceViewModel.swift */; };
		23C6E8CF2C3EEA46008F0C51 /* AddPlaceView.swift in Sources */ = {isa = PBXBuildFile; fileRef = 23C6E8CE2C3EEA46008F0C51 /* AddPlaceView.swift */; };
		A3FAA7C22C3FFAFF002B9F8C /* WeatherManager.swift in Sources */ = {isa = PBXBuildFile; fileRef = A3FAA7C12C3FFAFF002B9F8C /* WeatherManager.swift */; };
		A3FAA7C42C40FA94002B9F8C /* TestView.swift in Sources */ = {isa = PBXBuildFile; fileRef = A3FAA7C32C40FA94002B9F8C /* TestView.swift */; };
		A3FAA7C82C411C4B002B9F8C /* GetLocData.swift in Sources */ = {isa = PBXBuildFile; fileRef = A3FAA7C72C411C4B002B9F8C /* GetLocData.swift */; };
		A3FAA7CE2C42DCEB002B9F8C /* WeatherViewModel.swift in Sources */ = {isa = PBXBuildFile; fileRef = A3FAA7CD2C42DCEB002B9F8C /* WeatherViewModel.swift */; };
		DC299DC02C3EAA04004BA593 /* Place.swift in Sources */ = {isa = PBXBuildFile; fileRef = DC299DBF2C3EAA04004BA593 /* Place.swift */; };
		DC299DC32C3EAB0E004BA593 /* PlaceService.swift in Sources */ = {isa = PBXBuildFile; fileRef = DC299DC22C3EAB0E004BA593 /* PlaceService.swift */; };
/* End PBXBuildFile section */

/* Begin PBXFileReference section */
		23A09BCF2C3D773C001DD96C /* WeatherMap.app */ = {isa = PBXFileReference; explicitFileType = wrapper.application; includeInIndex = 0; path = WeatherMap.app; sourceTree = BUILT_PRODUCTS_DIR; };
		23A09BD22C3D773C001DD96C /* WeatherMapApp.swift */ = {isa = PBXFileReference; lastKnownFileType = sourcecode.swift; path = WeatherMapApp.swift; sourceTree = "<group>"; };
		23A09BD42C3D773C001DD96C /* ContentView.swift */ = {isa = PBXFileReference; lastKnownFileType = sourcecode.swift; path = ContentView.swift; sourceTree = "<group>"; };
		23A09BD62C3D773D001DD96C /* Assets.xcassets */ = {isa = PBXFileReference; lastKnownFileType = folder.assetcatalog; path = Assets.xcassets; sourceTree = "<group>"; };
		23A09BD92C3D773D001DD96C /* Preview Assets.xcassets */ = {isa = PBXFileReference; lastKnownFileType = folder.assetcatalog; path = "Preview Assets.xcassets"; sourceTree = "<group>"; };
		23A09BE02C3D774F001DD96C /* WeatherMap.entitlements */ = {isa = PBXFileReference; lastKnownFileType = text.plist.entitlements; path = WeatherMap.entitlements; sourceTree = "<group>"; };
		23A09BE12C3D881D001DD96C /* Info.plist */ = {isa = PBXFileReference; lastKnownFileType = text.plist; path = Info.plist; sourceTree = "<group>"; };
		23A09BE22C3D8AB7001DD96C /* MapView.swift */ = {isa = PBXFileReference; lastKnownFileType = sourcecode.swift; path = MapView.swift; sourceTree = "<group>"; };
		23A09BE42C3E4165001DD96C /* LocationDetailsView.swift */ = {isa = PBXFileReference; lastKnownFileType = sourcecode.swift; path = LocationDetailsView.swift; sourceTree = "<group>"; };
		23A09BE62C3EE55D001DD96C /* PlaceView.swift */ = {isa = PBXFileReference; lastKnownFileType = sourcecode.swift; path = PlaceView.swift; sourceTree = "<group>"; };
		23A09BE82C3EE570001DD96C /* PlaceViewModel.swift */ = {isa = PBXFileReference; lastKnownFileType = sourcecode.swift; path = PlaceViewModel.swift; sourceTree = "<group>"; };
		23C6E8CE2C3EEA46008F0C51 /* AddPlaceView.swift */ = {isa = PBXFileReference; lastKnownFileType = sourcecode.swift; path = AddPlaceView.swift; sourceTree = "<group>"; };
		A3FAA7C12C3FFAFF002B9F8C /* WeatherManager.swift */ = {isa = PBXFileReference; lastKnownFileType = sourcecode.swift; path = WeatherManager.swift; sourceTree = "<group>"; };
		A3FAA7C32C40FA94002B9F8C /* TestView.swift */ = {isa = PBXFileReference; lastKnownFileType = sourcecode.swift; path = TestView.swift; sourceTree = "<group>"; };
		A3FAA7C72C411C4B002B9F8C /* GetLocData.swift */ = {isa = PBXFileReference; lastKnownFileType = sourcecode.swift; path = GetLocData.swift; sourceTree = "<group>"; };
		A3FAA7CD2C42DCEB002B9F8C /* WeatherViewModel.swift */ = {isa = PBXFileReference; lastKnownFileType = sourcecode.swift; path = WeatherViewModel.swift; sourceTree = "<group>"; };
		DC299DBF2C3EAA04004BA593 /* Place.swift */ = {isa = PBXFileReference; lastKnownFileType = sourcecode.swift; path = Place.swift; sourceTree = "<group>"; };
		DC299DC22C3EAB0E004BA593 /* PlaceService.swift */ = {isa = PBXFileReference; lastKnownFileType = sourcecode.swift; path = PlaceService.swift; sourceTree = "<group>"; };
/* End PBXFileReference section */

/* Begin PBXFrameworksBuildPhase section */
		23A09BCC2C3D773C001DD96C /* Frameworks */ = {
			isa = PBXFrameworksBuildPhase;
			buildActionMask = 2147483647;
			files = (
			);
			runOnlyForDeploymentPostprocessing = 0;
		};
/* End PBXFrameworksBuildPhase section */

/* Begin PBXGroup section */
		23A09BC62C3D773C001DD96C = {
			isa = PBXGroup;
			children = (
				23A09BD12C3D773C001DD96C /* WeatherMap */,
				23A09BD02C3D773C001DD96C /* Products */,
			);
			sourceTree = "<group>";
		};
		23A09BD02C3D773C001DD96C /* Products */ = {
			isa = PBXGroup;
			children = (
				23A09BCF2C3D773C001DD96C /* WeatherMap.app */,
			);
			name = Products;
			sourceTree = "<group>";
		};
		23A09BD12C3D773C001DD96C /* WeatherMap */ = {
			isa = PBXGroup;
			children = (
				23A09BD22C3D773C001DD96C /* WeatherMapApp.swift */,
				A3FAA7CF2C42DCF0002B9F8C /* View Model */,
				DC299DC12C3EAB01004BA593 /* Service */,
				DC299DBE2C3EA9E3004BA593 /* Model */,
				DC299DBD2C3EA9D8004BA593 /* View */,
				23A09BE12C3D881D001DD96C /* Info.plist */,
				23A09BE02C3D774F001DD96C /* WeatherMap.entitlements */,
				23A09BD62C3D773D001DD96C /* Assets.xcassets */,
				23A09BD82C3D773D001DD96C /* Preview Content */,
			);
			path = WeatherMap;
			sourceTree = "<group>";
		};
		23A09BD82C3D773D001DD96C /* Preview Content */ = {
			isa = PBXGroup;
			children = (
				23A09BD92C3D773D001DD96C /* Preview Assets.xcassets */,
			);
			path = "Preview Content";
			sourceTree = "<group>";
		};
		A3FAA7CF2C42DCF0002B9F8C /* View Model */ = {
			isa = PBXGroup;
			children = (
				A3FAA7CD2C42DCEB002B9F8C /* WeatherViewModel.swift */,
				23A09BE82C3EE570001DD96C /* PlaceViewModel.swift */,
			);
			path = "View Model";
			sourceTree = "<group>";
		};
		DC299DBD2C3EA9D8004BA593 /* View */ = {
			isa = PBXGroup;
			children = (
				23A09BD42C3D773C001DD96C /* ContentView.swift */,
				23A09BE42C3E4165001DD96C /* LocationDetailsView.swift */,
				23C6E8CE2C3EEA46008F0C51 /* AddPlaceView.swift */,
				23A09BE62C3EE55D001DD96C /* PlaceView.swift */,
				A3FAA7C32C40FA94002B9F8C /* TestView.swift */,
				23A09BE22C3D8AB7001DD96C /* MapView.swift */,
			);
			path = View;
			sourceTree = "<group>";
		};
		DC299DBE2C3EA9E3004BA593 /* Model */ = {
			isa = PBXGroup;
			children = (
				DC299DBF2C3EAA04004BA593 /* Place.swift */,
			);
			path = Model;
			sourceTree = "<group>";
		};
		DC299DC12C3EAB01004BA593 /* Service */ = {
			isa = PBXGroup;
			children = (
				DC299DC22C3EAB0E004BA593 /* PlaceService.swift */,
				A3FAA7C12C3FFAFF002B9F8C /* WeatherManager.swift */,
				A3FAA7C72C411C4B002B9F8C /* GetLocData.swift */,
			);
			path = Service;
			sourceTree = "<group>";
		};
/* End PBXGroup section */

/* Begin PBXNativeTarget section */
		23A09BCE2C3D773C001DD96C /* WeatherMap */ = {
			isa = PBXNativeTarget;
			buildConfigurationList = 23A09BDD2C3D773D001DD96C /* Build configuration list for PBXNativeTarget "WeatherMap" */;
			buildPhases = (
				23A09BCB2C3D773C001DD96C /* Sources */,
				23A09BCC2C3D773C001DD96C /* Frameworks */,
				23A09BCD2C3D773C001DD96C /* Resources */,
			);
			buildRules = (
			);
			dependencies = (
			);
			name = WeatherMap;
			productName = WeatherMap;
			productReference = 23A09BCF2C3D773C001DD96C /* WeatherMap.app */;
			productType = "com.apple.product-type.application";
		};
/* End PBXNativeTarget section */

/* Begin PBXProject section */
		23A09BC72C3D773C001DD96C /* Project object */ = {
			isa = PBXProject;
			attributes = {
				BuildIndependentTargetsInParallel = 1;
				LastSwiftUpdateCheck = 1540;
				LastUpgradeCheck = 1540;
				TargetAttributes = {
					23A09BCE2C3D773C001DD96C = {
						CreatedOnToolsVersion = 15.4;
					};
				};
			};
			buildConfigurationList = 23A09BCA2C3D773C001DD96C /* Build configuration list for PBXProject "WeatherMap" */;
			compatibilityVersion = "Xcode 14.0";
			developmentRegion = en;
			hasScannedForEncodings = 0;
			knownRegions = (
				en,
				Base,
			);
			mainGroup = 23A09BC62C3D773C001DD96C;
			productRefGroup = 23A09BD02C3D773C001DD96C /* Products */;
			projectDirPath = "";
			projectRoot = "";
			targets = (
				23A09BCE2C3D773C001DD96C /* WeatherMap */,
			);
		};
/* End PBXProject section */

/* Begin PBXResourcesBuildPhase section */
		23A09BCD2C3D773C001DD96C /* Resources */ = {
			isa = PBXResourcesBuildPhase;
			buildActionMask = 2147483647;
			files = (
				23A09BDA2C3D773D001DD96C /* Preview Assets.xcassets in Resources */,
				23A09BD72C3D773D001DD96C /* Assets.xcassets in Resources */,
			);
			runOnlyForDeploymentPostprocessing = 0;
		};
/* End PBXResourcesBuildPhase section */

/* Begin PBXSourcesBuildPhase section */
		23A09BCB2C3D773C001DD96C /* Sources */ = {
			isa = PBXSourcesBuildPhase;
			buildActionMask = 2147483647;
			files = (
				23A09BE92C3EE570001DD96C /* PlaceViewModel.swift in Sources */,
				A3FAA7CE2C42DCEB002B9F8C /* WeatherViewModel.swift in Sources */,
				23A09BD52C3D773C001DD96C /* ContentView.swift in Sources */,
				A3FAA7C42C40FA94002B9F8C /* TestView.swift in Sources */,
				A3FAA7C82C411C4B002B9F8C /* GetLocData.swift in Sources */,
				A3FAA7C22C3FFAFF002B9F8C /* WeatherManager.swift in Sources */,
				DC299DC32C3EAB0E004BA593 /* PlaceService.swift in Sources */,
				23A09BE72C3EE55D001DD96C /* PlaceView.swift in Sources */,
				23A09BE32C3D8AB7001DD96C /* MapView.swift in Sources */,
				23A09BE52C3E4165001DD96C /* LocationDetailsView.swift in Sources */,
				23A09BD32C3D773C001DD96C /* WeatherMapApp.swift in Sources */,
				DC299DC02C3EAA04004BA593 /* Place.swift in Sources */,
				23C6E8CF2C3EEA46008F0C51 /* AddPlaceView.swift in Sources */,
			);
			runOnlyForDeploymentPostprocessing = 0;
		};
/* End PBXSourcesBuildPhase section */

/* Begin XCBuildConfiguration section */
		23A09BDB2C3D773D001DD96C /* Debug */ = {
			isa = XCBuildConfiguration;
			buildSettings = {
				ALWAYS_SEARCH_USER_PATHS = NO;
				ASSETCATALOG_COMPILER_GENERATE_SWIFT_ASSET_SYMBOL_EXTENSIONS = YES;
				CLANG_ANALYZER_NONNULL = YES;
				CLANG_ANALYZER_NUMBER_OBJECT_CONVERSION = YES_AGGRESSIVE;
				CLANG_CXX_LANGUAGE_STANDARD = "gnu++20";
				CLANG_ENABLE_MODULES = YES;
				CLANG_ENABLE_OBJC_ARC = YES;
				CLANG_ENABLE_OBJC_WEAK = YES;
				CLANG_WARN_BLOCK_CAPTURE_AUTORELEASING = YES;
				CLANG_WARN_BOOL_CONVERSION = YES;
				CLANG_WARN_COMMA = YES;
				CLANG_WARN_CONSTANT_CONVERSION = YES;
				CLANG_WARN_DEPRECATED_OBJC_IMPLEMENTATIONS = YES;
				CLANG_WARN_DIRECT_OBJC_ISA_USAGE = YES_ERROR;
				CLANG_WARN_DOCUMENTATION_COMMENTS = YES;
				CLANG_WARN_EMPTY_BODY = YES;
				CLANG_WARN_ENUM_CONVERSION = YES;
				CLANG_WARN_INFINITE_RECURSION = YES;
				CLANG_WARN_INT_CONVERSION = YES;
				CLANG_WARN_NON_LITERAL_NULL_CONVERSION = YES;
				CLANG_WARN_OBJC_IMPLICIT_RETAIN_SELF = YES;
				CLANG_WARN_OBJC_LITERAL_CONVERSION = YES;
				CLANG_WARN_OBJC_ROOT_CLASS = YES_ERROR;
				CLANG_WARN_QUOTED_INCLUDE_IN_FRAMEWORK_HEADER = YES;
				CLANG_WARN_RANGE_LOOP_ANALYSIS = YES;
				CLANG_WARN_STRICT_PROTOTYPES = YES;
				CLANG_WARN_SUSPICIOUS_MOVE = YES;
				CLANG_WARN_UNGUARDED_AVAILABILITY = YES_AGGRESSIVE;
				CLANG_WARN_UNREACHABLE_CODE = YES;
				CLANG_WARN__DUPLICATE_METHOD_MATCH = YES;
				COPY_PHASE_STRIP = NO;
				DEBUG_INFORMATION_FORMAT = dwarf;
				ENABLE_STRICT_OBJC_MSGSEND = YES;
				ENABLE_TESTABILITY = YES;
				ENABLE_USER_SCRIPT_SANDBOXING = YES;
				GCC_C_LANGUAGE_STANDARD = gnu17;
				GCC_DYNAMIC_NO_PIC = NO;
				GCC_NO_COMMON_BLOCKS = YES;
				GCC_OPTIMIZATION_LEVEL = 0;
				GCC_PREPROCESSOR_DEFINITIONS = (
					"DEBUG=1",
					"$(inherited)",
				);
				GCC_WARN_64_TO_32_BIT_CONVERSION = YES;
				GCC_WARN_ABOUT_RETURN_TYPE = YES_ERROR;
				GCC_WARN_UNDECLARED_SELECTOR = YES;
				GCC_WARN_UNINITIALIZED_AUTOS = YES_AGGRESSIVE;
				GCC_WARN_UNUSED_FUNCTION = YES;
				GCC_WARN_UNUSED_VARIABLE = YES;
				IPHONEOS_DEPLOYMENT_TARGET = 17.5;
				LOCALIZATION_PREFERS_STRING_CATALOGS = YES;
				MTL_ENABLE_DEBUG_INFO = INCLUDE_SOURCE;
				MTL_FAST_MATH = YES;
				ONLY_ACTIVE_ARCH = YES;
				SDKROOT = iphoneos;
				SWIFT_ACTIVE_COMPILATION_CONDITIONS = "DEBUG $(inherited)";
				SWIFT_OPTIMIZATION_LEVEL = "-Onone";
			};
			name = Debug;
		};
		23A09BDC2C3D773D001DD96C /* Release */ = {
			isa = XCBuildConfiguration;
			buildSettings = {
				ALWAYS_SEARCH_USER_PATHS = NO;
				ASSETCATALOG_COMPILER_GENERATE_SWIFT_ASSET_SYMBOL_EXTENSIONS = YES;
				CLANG_ANALYZER_NONNULL = YES;
				CLANG_ANALYZER_NUMBER_OBJECT_CONVERSION = YES_AGGRESSIVE;
				CLANG_CXX_LANGUAGE_STANDARD = "gnu++20";
				CLANG_ENABLE_MODULES = YES;
				CLANG_ENABLE_OBJC_ARC = YES;
				CLANG_ENABLE_OBJC_WEAK = YES;
				CLANG_WARN_BLOCK_CAPTURE_AUTORELEASING = YES;
				CLANG_WARN_BOOL_CONVERSION = YES;
				CLANG_WARN_COMMA = YES;
				CLANG_WARN_CONSTANT_CONVERSION = YES;
				CLANG_WARN_DEPRECATED_OBJC_IMPLEMENTATIONS = YES;
				CLANG_WARN_DIRECT_OBJC_ISA_USAGE = YES_ERROR;
				CLANG_WARN_DOCUMENTATION_COMMENTS = YES;
				CLANG_WARN_EMPTY_BODY = YES;
				CLANG_WARN_ENUM_CONVERSION = YES;
				CLANG_WARN_INFINITE_RECURSION = YES;
				CLANG_WARN_INT_CONVERSION = YES;
				CLANG_WARN_NON_LITERAL_NULL_CONVERSION = YES;
				CLANG_WARN_OBJC_IMPLICIT_RETAIN_SELF = YES;
				CLANG_WARN_OBJC_LITERAL_CONVERSION = YES;
				CLANG_WARN_OBJC_ROOT_CLASS = YES_ERROR;
				CLANG_WARN_QUOTED_INCLUDE_IN_FRAMEWORK_HEADER = YES;
				CLANG_WARN_RANGE_LOOP_ANALYSIS = YES;
				CLANG_WARN_STRICT_PROTOTYPES = YES;
				CLANG_WARN_SUSPICIOUS_MOVE = YES;
				CLANG_WARN_UNGUARDED_AVAILABILITY = YES_AGGRESSIVE;
				CLANG_WARN_UNREACHABLE_CODE = YES;
				CLANG_WARN__DUPLICATE_METHOD_MATCH = YES;
				COPY_PHASE_STRIP = NO;
				DEBUG_INFORMATION_FORMAT = "dwarf-with-dsym";
				ENABLE_NS_ASSERTIONS = NO;
				ENABLE_STRICT_OBJC_MSGSEND = YES;
				ENABLE_USER_SCRIPT_SANDBOXING = YES;
				GCC_C_LANGUAGE_STANDARD = gnu17;
				GCC_NO_COMMON_BLOCKS = YES;
				GCC_WARN_64_TO_32_BIT_CONVERSION = YES;
				GCC_WARN_ABOUT_RETURN_TYPE = YES_ERROR;
				GCC_WARN_UNDECLARED_SELECTOR = YES;
				GCC_WARN_UNINITIALIZED_AUTOS = YES_AGGRESSIVE;
				GCC_WARN_UNUSED_FUNCTION = YES;
				GCC_WARN_UNUSED_VARIABLE = YES;
				IPHONEOS_DEPLOYMENT_TARGET = 17.5;
				LOCALIZATION_PREFERS_STRING_CATALOGS = YES;
				MTL_ENABLE_DEBUG_INFO = NO;
				MTL_FAST_MATH = YES;
				SDKROOT = iphoneos;
				SWIFT_COMPILATION_MODE = wholemodule;
				VALIDATE_PRODUCT = YES;
			};
			name = Release;
		};
		23A09BDE2C3D773D001DD96C /* Debug */ = {
			isa = XCBuildConfiguration;
			buildSettings = {
				ASSETCATALOG_COMPILER_APPICON_NAME = AppIcon;
				ASSETCATALOG_COMPILER_GLOBAL_ACCENT_COLOR_NAME = AccentColor;
				CODE_SIGN_ENTITLEMENTS = WeatherMap/WeatherMap.entitlements;
				CODE_SIGN_STYLE = Automatic;
				CURRENT_PROJECT_VERSION = 1;
				DEVELOPMENT_ASSET_PATHS = "\"WeatherMap/Preview Content\"";
				DEVELOPMENT_TEAM = 76R68ZMQGR;
				ENABLE_PREVIEWS = YES;
				GENERATE_INFOPLIST_FILE = YES;
				INFOPLIST_FILE = WeatherMap/Info.plist;
				INFOPLIST_KEY_NSLocationWhenInUseUsageDescription = "";
				INFOPLIST_KEY_UIApplicationSceneManifest_Generation = YES;
				INFOPLIST_KEY_UIApplicationSupportsIndirectInputEvents = YES;
				INFOPLIST_KEY_UILaunchScreen_Generation = YES;
				INFOPLIST_KEY_UISupportedInterfaceOrientations_iPad = "UIInterfaceOrientationPortrait UIInterfaceOrientationPortraitUpsideDown UIInterfaceOrientationLandscapeLeft UIInterfaceOrientationLandscapeRight";
				INFOPLIST_KEY_UISupportedInterfaceOrientations_iPhone = "UIInterfaceOrientationPortrait UIInterfaceOrientationLandscapeLeft UIInterfaceOrientationLandscapeRight";
				IPHONEOS_DEPLOYMENT_TARGET = 17.2;
				LD_RUNPATH_SEARCH_PATHS = (
					"$(inherited)",
					"@executable_path/Frameworks",
				);
				MARKETING_VERSION = 1.0;
				PRODUCT_BUNDLE_IDENTIFIER = natasharadika.WeatherMap;
				PRODUCT_NAME = "$(TARGET_NAME)";
				SWIFT_EMIT_LOC_STRINGS = YES;
				SWIFT_VERSION = 5.0;
				TARGETED_DEVICE_FAMILY = "1,2";
			};
			name = Debug;
		};
		23A09BDF2C3D773D001DD96C /* Release */ = {
			isa = XCBuildConfiguration;
			buildSettings = {
				ASSETCATALOG_COMPILER_APPICON_NAME = AppIcon;
				ASSETCATALOG_COMPILER_GLOBAL_ACCENT_COLOR_NAME = AccentColor;
				CODE_SIGN_ENTITLEMENTS = WeatherMap/WeatherMap.entitlements;
				CODE_SIGN_STYLE = Automatic;
				CURRENT_PROJECT_VERSION = 1;
				DEVELOPMENT_ASSET_PATHS = "\"WeatherMap/Preview Content\"";
				DEVELOPMENT_TEAM = 76R68ZMQGR;
				ENABLE_PREVIEWS = YES;
				GENERATE_INFOPLIST_FILE = YES;
				INFOPLIST_FILE = WeatherMap/Info.plist;
				INFOPLIST_KEY_NSLocationWhenInUseUsageDescription = "";
				INFOPLIST_KEY_UIApplicationSceneManifest_Generation = YES;
				INFOPLIST_KEY_UIApplicationSupportsIndirectInputEvents = YES;
				INFOPLIST_KEY_UILaunchScreen_Generation = YES;
				INFOPLIST_KEY_UISupportedInterfaceOrientations_iPad = "UIInterfaceOrientationPortrait UIInterfaceOrientationPortraitUpsideDown UIInterfaceOrientationLandscapeLeft UIInterfaceOrientationLandscapeRight";
				INFOPLIST_KEY_UISupportedInterfaceOrientations_iPhone = "UIInterfaceOrientationPortrait UIInterfaceOrientationLandscapeLeft UIInterfaceOrientationLandscapeRight";
				IPHONEOS_DEPLOYMENT_TARGET = 17.2;
				LD_RUNPATH_SEARCH_PATHS = (
					"$(inherited)",
					"@executable_path/Frameworks",
				);
				MARKETING_VERSION = 1.0;
				PRODUCT_BUNDLE_IDENTIFIER = natasharadika.WeatherMap;
				PRODUCT_NAME = "$(TARGET_NAME)";
				SWIFT_EMIT_LOC_STRINGS = YES;
				SWIFT_VERSION = 5.0;
				TARGETED_DEVICE_FAMILY = "1,2";
			};
			name = Release;
		};
/* End XCBuildConfiguration section */

/* Begin XCConfigurationList section */
		23A09BCA2C3D773C001DD96C /* Build configuration list for PBXProject "WeatherMap" */ = {
			isa = XCConfigurationList;
			buildConfigurations = (
				23A09BDB2C3D773D001DD96C /* Debug */,
				23A09BDC2C3D773D001DD96C /* Release */,
			);
			defaultConfigurationIsVisible = 0;
			defaultConfigurationName = Release;
		};
		23A09BDD2C3D773D001DD96C /* Build configuration list for PBXNativeTarget "WeatherMap" */ = {
			isa = XCConfigurationList;
			buildConfigurations = (
				23A09BDE2C3D773D001DD96C /* Debug */,
				23A09BDF2C3D773D001DD96C /* Release */,
			);
			defaultConfigurationIsVisible = 0;
			defaultConfigurationName = Release;
		};
/* End XCConfigurationList section */
	};
	rootObject = 23A09BC72C3D773C001DD96C /* Project object */;
}
